// !$*UTF8*$!
{
	archiveVersion = 1;
	classes = {
	};
	objectVersion = 63;
	objects = {

/* Begin PBXBuildFile section */
		04B53DBD9857EDC7440EFD4F /* main.m in Sources */ = {isa = PBXBuildFile; fileRef = D99404911287E616BA685658 /* main.m */; };
		2BAB636A9A846B4E2B08FD17 /* HomeView.m in Sources */ = {isa = PBXBuildFile; fileRef = FA2CA33F69DC74101DAACE06 /* HomeView.m */; };
		2C10C82BC905B629E2A04A98 /* shit.wav in Resources */ = {isa = PBXBuildFile; fileRef = 1F4CFB3440E7A956EC409B06 /* shit.wav */; };
		32F323F42E44571C00AA11E6 /* CoreAudio.framework in Frameworks */ = {isa = PBXBuildFile; fileRef = 32F323F32E44571C00AA11E6 /* CoreAudio.framework */; };
		6CED18EB8089BE47FE2625E5 /* AppDelegate.m in Sources */ = {isa = PBXBuildFile; fileRef = 87D000BF0CAADF376E706B41 /* AppDelegate.m */; };
		8DB4E64CB3141E71E1E45CD8 /* HomeVC.m in Sources */ = {isa = PBXBuildFile; fileRef = FEE15A735500D749096E21A1 /* HomeVC.m */; };
		92B6858C52D9BC3E8F2386A9 /* dammit.wav in Resources */ = {isa = PBXBuildFile; fileRef = 472C6EC9285144C41FAEF93F /* dammit.wav */; };
		9E6A931C93BFFA878C2BAA95 /* Assets.xcassets in Resources */ = {isa = PBXBuildFile; fileRef = EC33CB686ACF317A895B9BB7 /* Assets.xcassets */; };
		AC7D697BBD5A2788092523DB /* SceneDelegate.m in Sources */ = {isa = PBXBuildFile; fileRef = 76D04E963E2CBC6D6C313E3C /* SceneDelegate.m */; };
		E7CA0DE9733E3191355435C6 /* i_love_you.wav in Resources */ = {isa = PBXBuildFile; fileRef = 9084418565199BE478A64152 /* i_love_you.wav */; };
/* End PBXBuildFile section */

/* Begin PBXCopyFilesBuildPhase section */
		07BB5C7444C910A99A763926 /* Embed Frameworks */ = {
			isa = PBXCopyFilesBuildPhase;
			buildActionMask = 2147483647;
			dstPath = "";
			dstSubfolderSpec = 10;
			files = (
			);
			name = "Embed Frameworks";
			runOnlyForDeploymentPostprocessing = 0;
		};
/* End PBXCopyFilesBuildPhase section */

/* Begin PBXFileReference section */
		1F4CFB3440E7A956EC409B06 /* shit.wav */ = {isa = PBXFileReference; lastKnownFileType = audio.wav; path = shit.wav; sourceTree = "<group>"; };
		2673F7F9ED324F4828BE46CB /* HomeVC.h */ = {isa = PBXFileReference; lastKnownFileType = sourcecode.c.h; path = HomeVC.h; sourceTree = "<group>"; };
		32F323F32E44571C00AA11E6 /* CoreAudio.framework */ = {isa = PBXFileReference; lastKnownFileType = wrapper.framework; name = CoreAudio.framework; path = System/Library/Frameworks/CoreAudio.framework; sourceTree = SDKROOT; };
		32F323F52E4457A100AA11E6 /* Hayden-Says.entitlements */ = {isa = PBXFileReference; lastKnownFileType = text.plist.entitlements; path = "Hayden-Says.entitlements"; sourceTree = "<group>"; };
		472C6EC9285144C41FAEF93F /* dammit.wav */ = {isa = PBXFileReference; lastKnownFileType = audio.wav; path = dammit.wav; sourceTree = "<group>"; };
		695CC2CE2B4132529F97F781 /* Hayden-Says.app */ = {isa = PBXFileReference; explicitFileType = wrapper.application; includeInIndex = 0; path = "Hayden-Says.app"; sourceTree = BUILT_PRODUCTS_DIR; };
		74B3DE3EC2CC7E2734D5EE29 /* Info.plist */ = {isa = PBXFileReference; lastKnownFileType = text.plist; path = Info.plist; sourceTree = "<group>"; };
		76D04E963E2CBC6D6C313E3C /* SceneDelegate.m */ = {isa = PBXFileReference; lastKnownFileType = sourcecode.c.objc; path = SceneDelegate.m; sourceTree = "<group>"; };
		841EBCFF6442F4EE3F418003 /* AppDelegate.h */ = {isa = PBXFileReference; lastKnownFileType = sourcecode.c.h; path = AppDelegate.h; sourceTree = "<group>"; };
		87D000BF0CAADF376E706B41 /* AppDelegate.m */ = {isa = PBXFileReference; lastKnownFileType = sourcecode.c.objc; path = AppDelegate.m; sourceTree = "<group>"; };
		8B131C0AD15051BED48B686B /* HomeView.h */ = {isa = PBXFileReference; lastKnownFileType = sourcecode.c.h; path = HomeView.h; sourceTree = "<group>"; };
		9084418565199BE478A64152 /* i_love_you.wav */ = {isa = PBXFileReference; lastKnownFileType = audio.wav; path = i_love_you.wav; sourceTree = "<group>"; };
		9F4B6EBF74560263F8DA214A /* SceneDelegate.h */ = {isa = PBXFileReference; lastKnownFileType = sourcecode.c.h; path = SceneDelegate.h; sourceTree = "<group>"; };
		D99404911287E616BA685658 /* main.m */ = {isa = PBXFileReference; lastKnownFileType = sourcecode.c.objc; path = main.m; sourceTree = "<group>"; };
		EC33CB686ACF317A895B9BB7 /* Assets.xcassets */ = {isa = PBXFileReference; lastKnownFileType = folder.assetcatalog; path = Assets.xcassets; sourceTree = "<group>"; };
		FA2CA33F69DC74101DAACE06 /* HomeView.m */ = {isa = PBXFileReference; lastKnownFileType = sourcecode.c.objc; path = HomeView.m; sourceTree = "<group>"; };
		FEE15A735500D749096E21A1 /* HomeVC.m */ = {isa = PBXFileReference; lastKnownFileType = sourcecode.c.objc; path = HomeVC.m; sourceTree = "<group>"; };
/* End PBXFileReference section */

/* Begin PBXFrameworksBuildPhase section */
		4D851E1EC98C1E5341243CD2 /* Frameworks */ = {
			isa = PBXFrameworksBuildPhase;
			buildActionMask = 2147483647;
			files = (
				32F323F42E44571C00AA11E6 /* CoreAudio.framework in Frameworks */,
			);
			runOnlyForDeploymentPostprocessing = 0;
		};
/* End PBXFrameworksBuildPhase section */

/* Begin PBXGroup section */
		32F323F22E44571C00AA11E6 /* Frameworks */ = {
			isa = PBXGroup;
			children = (
				32F323F32E44571C00AA11E6 /* CoreAudio.framework */,
			);
			name = Frameworks;
			sourceTree = "<group>";
		};
		4102E3E068508DD683953C7D = {
			isa = PBXGroup;
			children = (
				32F323F52E4457A100AA11E6 /* Hayden-Says.entitlements */,
				7F78907537685DA9B94ECD46 /* Sources */,
				E9C3DB3EC6D7655028A9C0D3 /* Products */,
				32F323F22E44571C00AA11E6 /* Frameworks */,
			);
			sourceTree = "<group>";
		};
		5EBF1C32F4811C7CACA92A05 /* Sounds */ = {
			isa = PBXGroup;
			children = (
				472C6EC9285144C41FAEF93F /* dammit.wav */,
				9084418565199BE478A64152 /* i_love_you.wav */,
				1F4CFB3440E7A956EC409B06 /* shit.wav */,
			);
			path = Sounds;
			sourceTree = "<group>";
		};
		7F78907537685DA9B94ECD46 /* Sources */ = {
			isa = PBXGroup;
			children = (
				841EBCFF6442F4EE3F418003 /* AppDelegate.h */,
				87D000BF0CAADF376E706B41 /* AppDelegate.m */,
				EC33CB686ACF317A895B9BB7 /* Assets.xcassets */,
				74B3DE3EC2CC7E2734D5EE29 /* Info.plist */,
				D99404911287E616BA685658 /* main.m */,
				9F4B6EBF74560263F8DA214A /* SceneDelegate.h */,
				76D04E963E2CBC6D6C313E3C /* SceneDelegate.m */,
				5EBF1C32F4811C7CACA92A05 /* Sounds */,
				F2EC33F38C9B941213982035 /* ViewControllers */,
				A3FB5A3A73FC5C9493069E5D /* Views */,
			);
			path = Sources;
			sourceTree = "<group>";
		};
		A3FB5A3A73FC5C9493069E5D /* Views */ = {
			isa = PBXGroup;
			children = (
				8B131C0AD15051BED48B686B /* HomeView.h */,
				FA2CA33F69DC74101DAACE06 /* HomeView.m */,
			);
			path = Views;
			sourceTree = "<group>";
		};
		E9C3DB3EC6D7655028A9C0D3 /* Products */ = {
			isa = PBXGroup;
			children = (
				695CC2CE2B4132529F97F781 /* Hayden-Says.app */,
			);
			name = Products;
			sourceTree = "<group>";
		};
		F2EC33F38C9B941213982035 /* ViewControllers */ = {
			isa = PBXGroup;
			children = (
				2673F7F9ED324F4828BE46CB /* HomeVC.h */,
				FEE15A735500D749096E21A1 /* HomeVC.m */,
			);
			path = ViewControllers;
			sourceTree = "<group>";
		};
/* End PBXGroup section */

/* Begin PBXNativeTarget section */
		88BF1049C7121C5C5DA6260C /* Hayden-Says */ = {
			isa = PBXNativeTarget;
			buildConfigurationList = 7B369D1C1FA4DBDA3D77BA81 /* Build configuration list for PBXNativeTarget "Hayden-Says" */;
			buildPhases = (
				7888A39DE04FEC30C2D76919 /* Sources */,
				EEBEC360D0832DD004E7A8A9 /* Resources */,
				4D851E1EC98C1E5341243CD2 /* Frameworks */,
				07BB5C7444C910A99A763926 /* Embed Frameworks */,
			);
			buildRules = (
			);
			dependencies = (
			);
			name = "Hayden-Says";
			packageProductDependencies = (
			);
			productName = "Hayden-Says";
			productReference = 695CC2CE2B4132529F97F781 /* Hayden-Says.app */;
			productType = "com.apple.product-type.application";
		};
/* End PBXNativeTarget section */

/* Begin PBXProject section */
		6B590BF25178DC7D824D09CE /* Project object */ = {
			isa = PBXProject;
			attributes = {
				BuildIndependentTargetsInParallel = YES;
				LastUpgradeCheck = 1430;
				TargetAttributes = {
					88BF1049C7121C5C5DA6260C = {
						ProvisioningStyle = Automatic;
					};
				};
			};
			buildConfigurationList = B3FD05C59F197F398A0B04AB /* Build configuration list for PBXProject "App" */;
			compatibilityVersion = "Xcode 14.0";
			developmentRegion = en;
			hasScannedForEncodings = 0;
			knownRegions = (
				Base,
				en,
			);
			mainGroup = 4102E3E068508DD683953C7D;
			minimizedProjectReferenceProxies = 1;
			projectDirPath = "";
			projectRoot = "";
			targets = (
				88BF1049C7121C5C5DA6260C /* Hayden-Says */,
			);
		};
/* End PBXProject section */

/* Begin PBXResourcesBuildPhase section */
		EEBEC360D0832DD004E7A8A9 /* Resources */ = {
			isa = PBXResourcesBuildPhase;
			buildActionMask = 2147483647;
			files = (
				9E6A931C93BFFA878C2BAA95 /* Assets.xcassets in Resources */,
				92B6858C52D9BC3E8F2386A9 /* dammit.wav in Resources */,
				E7CA0DE9733E3191355435C6 /* i_love_you.wav in Resources */,
				2C10C82BC905B629E2A04A98 /* shit.wav in Resources */,
			);
			runOnlyForDeploymentPostprocessing = 0;
		};
/* End PBXResourcesBuildPhase section */

/* Begin PBXSourcesBuildPhase section */
		7888A39DE04FEC30C2D76919 /* Sources */ = {
			isa = PBXSourcesBuildPhase;
			buildActionMask = 2147483647;
			files = (
				6CED18EB8089BE47FE2625E5 /* AppDelegate.m in Sources */,
				8DB4E64CB3141E71E1E45CD8 /* HomeVC.m in Sources */,
				2BAB636A9A846B4E2B08FD17 /* HomeView.m in Sources */,
				AC7D697BBD5A2788092523DB /* SceneDelegate.m in Sources */,
				04B53DBD9857EDC7440EFD4F /* main.m in Sources */,
			);
			runOnlyForDeploymentPostprocessing = 0;
		};
/* End PBXSourcesBuildPhase section */

/* Begin XCBuildConfiguration section */
		3079CCAA89CAA54B1172FA05 /* Debug */ = {
			isa = XCBuildConfiguration;
			buildSettings = {
				ASSETCATALOG_COMPILER_APPICON_NAME = AppIcon;
				CODE_SIGN_ENTITLEMENTS = "Hayden-Says.entitlements";
				CODE_SIGN_IDENTITY = "iPhone Developer";
				CODE_SIGN_STYLE = Automatic;
				DEVELOPMENT_LANGUAGE = en;
				DEVELOPMENT_TEAM = 8PS52ALX4P;
				ENABLE_BITCODE = NO;
				FRAMEWORK_SEARCH_PATHS = (
					"$(inherited)",
					"\".\"",
				);
				INFOPLIST_FILE = Sources/Info.plist;
				IPHONEOS_DEPLOYMENT_TARGET = 13.0;
				LD_RUNPATH_SEARCH_PATHS = (
					"$(inherited)",
					"@executable_path/Frameworks",
				);
				PRODUCT_BUNDLE_IDENTIFIER = "com.example.Hayden-Says";
				PRODUCT_NAME = "Hayden-Says";
				SDKROOT = iphoneos;
				TARGETED_DEVICE_FAMILY = 1;
			};
			name = Debug;
		};
		5C9EF0E6AF4F9491454DE177 /* Release */ = {
			isa = XCBuildConfiguration;
			buildSettings = {
				ALWAYS_SEARCH_USER_PATHS = NO;
				CLANG_ANALYZER_NONNULL = YES;
				CLANG_ANALYZER_NUMBER_OBJECT_CONVERSION = YES_AGGRESSIVE;
				CLANG_CXX_LANGUAGE_STANDARD = "gnu++14";
				CLANG_CXX_LIBRARY = "libc++";
				CLANG_ENABLE_MODULES = YES;
				CLANG_ENABLE_OBJC_ARC = YES;
				CLANG_ENABLE_OBJC_WEAK = YES;
				CLANG_WARN_BLOCK_CAPTURE_AUTORELEASING = YES;
				CLANG_WARN_BOOL_CONVERSION = YES;
				CLANG_WARN_COMMA = YES;
				CLANG_WARN_CONSTANT_CONVERSION = YES;
				CLANG_WARN_DEPRECATED_OBJC_IMPLEMENTATIONS = YES;
				CLANG_WARN_DIRECT_OBJC_ISA_USAGE = YES_ERROR;
				CLANG_WARN_DOCUMENTATION_COMMENTS = YES;
				CLANG_WARN_EMPTY_BODY = YES;
				CLANG_WARN_ENUM_CONVERSION = YES;
				CLANG_WARN_INFINITE_RECURSION = YES;
				CLANG_WARN_INT_CONVERSION = YES;
				CLANG_WARN_NON_LITERAL_NULL_CONVERSION = YES;
				CLANG_WARN_OBJC_IMPLICIT_RETAIN_SELF = YES;
				CLANG_WARN_OBJC_LITERAL_CONVERSION = YES;
				CLANG_WARN_OBJC_ROOT_CLASS = YES_ERROR;
				CLANG_WARN_QUOTED_INCLUDE_IN_FRAMEWORK_HEADER = YES;
				CLANG_WARN_RANGE_LOOP_ANALYSIS = YES;
				CLANG_WARN_STRICT_PROTOTYPES = YES;
				CLANG_WARN_SUSPICIOUS_MOVE = YES;
				CLANG_WARN_UNGUARDED_AVAILABILITY = YES_AGGRESSIVE;
				CLANG_WARN_UNREACHABLE_CODE = YES;
				CLANG_WARN__DUPLICATE_METHOD_MATCH = YES;
				COPY_PHASE_STRIP = NO;
				DEBUG_INFORMATION_FORMAT = "dwarf-with-dsym";
				ENABLE_NS_ASSERTIONS = NO;
				ENABLE_STRICT_OBJC_MSGSEND = YES;
				GCC_C_LANGUAGE_STANDARD = gnu11;
				GCC_NO_COMMON_BLOCKS = YES;
				GCC_WARN_64_TO_32_BIT_CONVERSION = YES;
				GCC_WARN_ABOUT_RETURN_TYPE = YES_ERROR;
				GCC_WARN_UNDECLARED_SELECTOR = YES;
				GCC_WARN_UNINITIALIZED_AUTOS = YES_AGGRESSIVE;
				GCC_WARN_UNUSED_FUNCTION = YES;
				GCC_WARN_UNUSED_VARIABLE = YES;
				MTL_ENABLE_DEBUG_INFO = NO;
				MTL_FAST_MATH = YES;
				PRODUCT_NAME = "$(TARGET_NAME)";
				SDKROOT = iphoneos;
				SWIFT_COMPILATION_MODE = wholemodule;
				SWIFT_OPTIMIZATION_LEVEL = "-O";
				SWIFT_VERSION = 5.0;
			};
			name = Release;
		};
		F61063B78755D98B1B9C3697 /* Debug */ = {
			isa = XCBuildConfiguration;
			buildSettings = {
				ALWAYS_SEARCH_USER_PATHS = NO;
				CLANG_ANALYZER_NONNULL = YES;
				CLANG_ANALYZER_NUMBER_OBJECT_CONVERSION = YES_AGGRESSIVE;
				CLANG_CXX_LANGUAGE_STANDARD = "gnu++14";
				CLANG_CXX_LIBRARY = "libc++";
				CLANG_ENABLE_MODULES = YES;
				CLANG_ENABLE_OBJC_ARC = YES;
				CLANG_ENABLE_OBJC_WEAK = YES;
				CLANG_WARN_BLOCK_CAPTURE_AUTORELEASING = YES;
				CLANG_WARN_BOOL_CONVERSION = YES;
				CLANG_WARN_COMMA = YES;
				CLANG_WARN_CONSTANT_CONVERSION = YES;
				CLANG_WARN_DEPRECATED_OBJC_IMPLEMENTATIONS = YES;
				CLANG_WARN_DIRECT_OBJC_ISA_USAGE = YES_ERROR;
				CLANG_WARN_DOCUMENTATION_COMMENTS = YES;
				CLANG_WARN_EMPTY_BODY = YES;
				CLANG_WARN_ENUM_CONVERSION = YES;
				CLANG_WARN_INFINITE_RECURSION = YES;
				CLANG_WARN_INT_CONVERSION = YES;
				CLANG_WARN_NON_LITERAL_NULL_CONVERSION = YES;
				CLANG_WARN_OBJC_IMPLICIT_RETAIN_SELF = YES;
				CLANG_WARN_OBJC_LITERAL_CONVERSION = YES;
				CLANG_WARN_OBJC_ROOT_CLASS = YES_ERROR;
				CLANG_WARN_QUOTED_INCLUDE_IN_FRAMEWORK_HEADER = YES;
				CLANG_WARN_RANGE_LOOP_ANALYSIS = YES;
				CLANG_WARN_STRICT_PROTOTYPES = YES;
				CLANG_WARN_SUSPICIOUS_MOVE = YES;
				CLANG_WARN_UNGUARDED_AVAILABILITY = YES_AGGRESSIVE;
				CLANG_WARN_UNREACHABLE_CODE = YES;
				CLANG_WARN__DUPLICATE_METHOD_MATCH = YES;
				COPY_PHASE_STRIP = NO;
				DEBUG_INFORMATION_FORMAT = dwarf;
				ENABLE_STRICT_OBJC_MSGSEND = YES;
				ENABLE_TESTABILITY = YES;
				GCC_C_LANGUAGE_STANDARD = gnu11;
				GCC_DYNAMIC_NO_PIC = NO;
				GCC_NO_COMMON_BLOCKS = YES;
				GCC_OPTIMIZATION_LEVEL = 0;
				GCC_PREPROCESSOR_DEFINITIONS = (
					"$(inherited)",
					"DEBUG=1",
				);
				GCC_WARN_64_TO_32_BIT_CONVERSION = YES;
				GCC_WARN_ABOUT_RETURN_TYPE = YES_ERROR;
				GCC_WARN_UNDECLARED_SELECTOR = YES;
				GCC_WARN_UNINITIALIZED_AUTOS = YES_AGGRESSIVE;
				GCC_WARN_UNUSED_FUNCTION = YES;
				GCC_WARN_UNUSED_VARIABLE = YES;
				MTL_ENABLE_DEBUG_INFO = INCLUDE_SOURCE;
				MTL_FAST_MATH = YES;
				ONLY_ACTIVE_ARCH = YES;
				PRODUCT_NAME = "$(TARGET_NAME)";
				SDKROOT = iphoneos;
				SWIFT_ACTIVE_COMPILATION_CONDITIONS = DEBUG;
				SWIFT_OPTIMIZATION_LEVEL = "-Onone";
				SWIFT_VERSION = 5.0;
			};
			name = Debug;
		};
		FF83203A8319E025DD1E3AC4 /* Release */ = {
			isa = XCBuildConfiguration;
			buildSettings = {
				ASSETCATALOG_COMPILER_APPICON_NAME = AppIcon;
				CODE_SIGN_ENTITLEMENTS = "Hayden-Says.entitlements";
				CODE_SIGN_IDENTITY = "iPhone Developer";
				CODE_SIGN_STYLE = Automatic;
				DEVELOPMENT_LANGUAGE = en;
				DEVELOPMENT_TEAM = 8PS52ALX4P;
				ENABLE_BITCODE = NO;
				FRAMEWORK_SEARCH_PATHS = (
					"$(inherited)",
					"\".\"",
				);
				INFOPLIST_FILE = Sources/Info.plist;
				IPHONEOS_DEPLOYMENT_TARGET = 13.0;
				LD_RUNPATH_SEARCH_PATHS = (
					"$(inherited)",
					"@executable_path/Frameworks",
				);
				PRODUCT_BUNDLE_IDENTIFIER = "com.example.Hayden-Says";
				PRODUCT_NAME = "Hayden-Says";
				SDKROOT = iphoneos;
				TARGETED_DEVICE_FAMILY = 1;
			};
			name = Release;
		};
/* End XCBuildConfiguration section */

/* Begin XCConfigurationList section */
		7B369D1C1FA4DBDA3D77BA81 /* Build configuration list for PBXNativeTarget "Hayden-Says" */ = {
			isa = XCConfigurationList;
			buildConfigurations = (
				3079CCAA89CAA54B1172FA05 /* Debug */,
				FF83203A8319E025DD1E3AC4 /* Release */,
			);
			defaultConfigurationIsVisible = 0;
			defaultConfigurationName = Debug;
		};
		B3FD05C59F197F398A0B04AB /* Build configuration list for PBXProject "App" */ = {
			isa = XCConfigurationList;
			buildConfigurations = (
				F61063B78755D98B1B9C3697 /* Debug */,
				5C9EF0E6AF4F9491454DE177 /* Release */,
			);
			defaultConfigurationIsVisible = 0;
			defaultConfigurationName = Debug;
		};
/* End XCConfigurationList section */
	};
	rootObject = 6B590BF25178DC7D824D09CE /* Project object */;
}
